
Microsoft Visual Studio Solution File, Format Version 12.00
# Visual Studio Version 17
VisualStudioVersion = 17.8.34330.188
MinimumVisualStudioVersion = 10.0.40219.1
Project("{2150E333-8FDC-42A3-9474-1A3956D46DE8}") = "1_Month", "1_Month", "{6055A1BF-77CA-4596-A5E5-3BA424BBFA87}"
EndProject
Project("{2150E333-8FDC-42A3-9474-1A3956D46DE8}") = "Lesson10_Polymorphism", "Lesson10_Polymorphism", "{8ACE8D5A-FA12-408A-8871-A5C5BDECD7B7}"
EndProject
Project("{2150E333-8FDC-42A3-9474-1A3956D46DE8}") = "Calculator", "Calculator", "{5FDC1439-48A2-4C87-9BE7-7DAA0E1EF509}"
EndProject
Project("{9A19103F-16F7-4668-BE54-9A1E7A4F7556}") = "Calculator.servise", "Calculator.servise\Calculator.servise.csproj", "{A4974F8E-FFB1-4E2E-93F9-4305E689E80D}"
EndProject
Project("{2150E333-8FDC-42A3-9474-1A3956D46DE8}") = "Clinic", "Clinic", "{BE84D5A3-5D07-4B35-B505-58B1C61F18CD}"
EndProject
Project("{9A19103F-16F7-4668-BE54-9A1E7A4F7556}") = "Clinic", "Clinic\Clinic.csproj", "{04A84CFA-2BAF-4A7A-95CE-5BB2F5D7F9F7}"
EndProject
Project("{2150E333-8FDC-42A3-9474-1A3956D46DE8}") = "Lesson11_Collection", "Lesson11_Collection", "{9BD49203-CF34-4FA2-8F4D-632A126A3DB4}"
EndProject
Project("{9A19103F-16F7-4668-BE54-9A1E7A4F7556}") = "Collection", "Collection\Collection.csproj", "{DE75F3C2-2525-4FB5-9ED7-52A9212BB6B1}"
EndProject
Project("{2150E333-8FDC-42A3-9474-1A3956D46DE8}") = "HW_21_12_2023", "HW_21_12_2023", "{6447C23D-9E3B-41CC-B812-C0FCE00AF40A}"
EndProject
Project("{9A19103F-16F7-4668-BE54-9A1E7A4F7556}") = "LeetCode", "LeetCode\LeetCode.csproj", "{3C769542-F707-4901-9155-174D4140C7D4}"
EndProject
Project("{2150E333-8FDC-42A3-9474-1A3956D46DE8}") = "Lesson12_Collection.Lists", "Lesson12_Collection.Lists", "{BE0A1FA4-B7B1-4FB0-823F-83F1C0A2E76D}"
EndProject
Project("{9A19103F-16F7-4668-BE54-9A1E7A4F7556}") = "Collection.list", "Collection.list\Collection.list.csproj", "{026D3055-FFAA-4D4D-B74E-347E7B86912E}"
EndProject
Project("{2150E333-8FDC-42A3-9474-1A3956D46DE8}") = "Lesson13_Delegate", "Lesson13_Delegate", "{8026602D-646D-4E69-8139-C8EAE9F4F1FB}"
EndProject
Project("{9A19103F-16F7-4668-BE54-9A1E7A4F7556}") = "Delegate", "Delegate\Delegate.csproj", "{8DCFD0C3-675D-46E3-B8EB-CEAA203E719D}"
EndProject
Project("{2150E333-8FDC-42A3-9474-1A3956D46DE8}") = "Lesson16_Exception.Regex", "Lesson16_Exception.Regex", "{3138DBE7-5D08-423F-940F-1F0A41029B6B}"
EndProject
Project("{9A19103F-16F7-4668-BE54-9A1E7A4F7556}") = "ExceptProject", "ExceptProject\ExceptProject.csproj", "{616AD95B-02EC-4420-9857-3369C0747211}"
EndProject
Project("{2150E333-8FDC-42A3-9474-1A3956D46DE8}") = "Lesson19_Json", "Lesson19_Json", "{13220B1A-DE6B-457E-8A41-29365D54BD0F}"
EndProject
Project("{FAE04EC0-301F-11D3-BF4B-00C04F79EFBC}") = "JsonProgram", "JsonProgram\JsonProgram.csproj", "{E63A527D-6B37-4D98-8D7F-A9F93BCEA9EF}"
EndProject
Global
	GlobalSection(SolutionConfigurationPlatforms) = preSolution
		Debug|Any CPU = Debug|Any CPU
		Release|Any CPU = Release|Any CPU
	EndGlobalSection
	GlobalSection(ProjectConfigurationPlatforms) = postSolution
		{A4974F8E-FFB1-4E2E-93F9-4305E689E80D}.Debug|Any CPU.ActiveCfg = Debug|Any CPU
		{A4974F8E-FFB1-4E2E-93F9-4305E689E80D}.Debug|Any CPU.Build.0 = Debug|Any CPU
		{A4974F8E-FFB1-4E2E-93F9-4305E689E80D}.Release|Any CPU.ActiveCfg = Release|Any CPU
		{A4974F8E-FFB1-4E2E-93F9-4305E689E80D}.Release|Any CPU.Build.0 = Release|Any CPU
		{04A84CFA-2BAF-4A7A-95CE-5BB2F5D7F9F7}.Debug|Any CPU.ActiveCfg = Debug|Any CPU
		{04A84CFA-2BAF-4A7A-95CE-5BB2F5D7F9F7}.Debug|Any CPU.Build.0 = Debug|Any CPU
		{04A84CFA-2BAF-4A7A-95CE-5BB2F5D7F9F7}.Release|Any CPU.ActiveCfg = Release|Any CPU
		{04A84CFA-2BAF-4A7A-95CE-5BB2F5D7F9F7}.Release|Any CPU.Build.0 = Release|Any CPU
		{DE75F3C2-2525-4FB5-9ED7-52A9212BB6B1}.Debug|Any CPU.ActiveCfg = Debug|Any CPU
		{DE75F3C2-2525-4FB5-9ED7-52A9212BB6B1}.Debug|Any CPU.Build.0 = Debug|Any CPU
		{DE75F3C2-2525-4FB5-9ED7-52A9212BB6B1}.Release|Any CPU.ActiveCfg = Release|Any CPU
		{DE75F3C2-2525-4FB5-9ED7-52A9212BB6B1}.Release|Any CPU.Build.0 = Release|Any CPU
		{3C769542-F707-4901-9155-174D4140C7D4}.Debug|Any CPU.ActiveCfg = Debug|Any CPU
		{3C769542-F707-4901-9155-174D4140C7D4}.Debug|Any CPU.Build.0 = Debug|Any CPU
		{3C769542-F707-4901-9155-174D4140C7D4}.Release|Any CPU.ActiveCfg = Release|Any CPU
		{3C769542-F707-4901-9155-174D4140C7D4}.Release|Any CPU.Build.0 = Release|Any CPU
		{026D3055-FFAA-4D4D-B74E-347E7B86912E}.Debug|Any CPU.ActiveCfg = Debug|Any CPU
		{026D3055-FFAA-4D4D-B74E-347E7B86912E}.Debug|Any CPU.Build.0 = Debug|Any CPU
		{026D3055-FFAA-4D4D-B74E-347E7B86912E}.Release|Any CPU.ActiveCfg = Release|Any CPU
		{026D3055-FFAA-4D4D-B74E-347E7B86912E}.Release|Any CPU.Build.0 = Release|Any CPU
		{8DCFD0C3-675D-46E3-B8EB-CEAA203E719D}.Debug|Any CPU.ActiveCfg = Debug|Any CPU
		{8DCFD0C3-675D-46E3-B8EB-CEAA203E719D}.Debug|Any CPU.Build.0 = Debug|Any CPU
		{8DCFD0C3-675D-46E3-B8EB-CEAA203E719D}.Release|Any CPU.ActiveCfg = Release|Any CPU
		{8DCFD0C3-675D-46E3-B8EB-CEAA203E719D}.Release|Any CPU.Build.0 = Release|Any CPU
		{616AD95B-02EC-4420-9857-3369C0747211}.Debug|Any CPU.ActiveCfg = Debug|Any CPU
		{616AD95B-02EC-4420-9857-3369C0747211}.Debug|Any CPU.Build.0 = Debug|Any CPU
		{616AD95B-02EC-4420-9857-3369C0747211}.Release|Any CPU.ActiveCfg = Release|Any CPU
		{616AD95B-02EC-4420-9857-3369C0747211}.Release|Any CPU.Build.0 = Release|Any CPU
		{E63A527D-6B37-4D98-8D7F-A9F93BCEA9EF}.Debug|Any CPU.ActiveCfg = Debug|Any CPU
		{E63A527D-6B37-4D98-8D7F-A9F93BCEA9EF}.Debug|Any CPU.Build.0 = Debug|Any CPU
		{E63A527D-6B37-4D98-8D7F-A9F93BCEA9EF}.Release|Any CPU.ActiveCfg = Release|Any CPU
		{E63A527D-6B37-4D98-8D7F-A9F93BCEA9EF}.Release|Any CPU.Build.0 = Release|Any CPU
	EndGlobalSection
	GlobalSection(SolutionProperties) = preSolution
		HideSolutionNode = FALSE
	EndGlobalSection
	GlobalSection(NestedProjects) = preSolution
		{8ACE8D5A-FA12-408A-8871-A5C5BDECD7B7} = {6055A1BF-77CA-4596-A5E5-3BA424BBFA87}
		{5FDC1439-48A2-4C87-9BE7-7DAA0E1EF509} = {8ACE8D5A-FA12-408A-8871-A5C5BDECD7B7}
		{A4974F8E-FFB1-4E2E-93F9-4305E689E80D} = {5FDC1439-48A2-4C87-9BE7-7DAA0E1EF509}
		{BE84D5A3-5D07-4B35-B505-58B1C61F18CD} = {8ACE8D5A-FA12-408A-8871-A5C5BDECD7B7}
		{04A84CFA-2BAF-4A7A-95CE-5BB2F5D7F9F7} = {BE84D5A3-5D07-4B35-B505-58B1C61F18CD}
		{9BD49203-CF34-4FA2-8F4D-632A126A3DB4} = {6055A1BF-77CA-4596-A5E5-3BA424BBFA87}
		{DE75F3C2-2525-4FB5-9ED7-52A9212BB6B1} = {9BD49203-CF34-4FA2-8F4D-632A126A3DB4}
		{6447C23D-9E3B-41CC-B812-C0FCE00AF40A} = {9BD49203-CF34-4FA2-8F4D-632A126A3DB4}
		{3C769542-F707-4901-9155-174D4140C7D4} = {6447C23D-9E3B-41CC-B812-C0FCE00AF40A}
		{BE0A1FA4-B7B1-4FB0-823F-83F1C0A2E76D} = {6055A1BF-77CA-4596-A5E5-3BA424BBFA87}
		{026D3055-FFAA-4D4D-B74E-347E7B86912E} = {BE0A1FA4-B7B1-4FB0-823F-83F1C0A2E76D}
		{8026602D-646D-4E69-8139-C8EAE9F4F1FB} = {6055A1BF-77CA-4596-A5E5-3BA424BBFA87}
		{8DCFD0C3-675D-46E3-B8EB-CEAA203E719D} = {8026602D-646D-4E69-8139-C8EAE9F4F1FB}
		{3138DBE7-5D08-423F-940F-1F0A41029B6B} = {6055A1BF-77CA-4596-A5E5-3BA424BBFA87}
		{616AD95B-02EC-4420-9857-3369C0747211} = {3138DBE7-5D08-423F-940F-1F0A41029B6B}
		{13220B1A-DE6B-457E-8A41-29365D54BD0F} = {6055A1BF-77CA-4596-A5E5-3BA424BBFA87}
		{E63A527D-6B37-4D98-8D7F-A9F93BCEA9EF} = {13220B1A-DE6B-457E-8A41-29365D54BD0F}
	EndGlobalSection
	GlobalSection(ExtensibilityGlobals) = postSolution
		SolutionGuid = {A8456AC2-970D-45D7-B695-CDF061926902}
	EndGlobalSection
EndGlobal
